
Microsoft Visual Studio Solution File, Format Version 12.00
# Visual Studio Version 16
VisualStudioVersion = 16.0.30406.217
MinimumVisualStudioVersion = 10.0.40219.1
Project("{9A19103F-16F7-4668-BE54-9A1E7A4F7556}") = "ERP_Project.Entity", "ERP_Project.Entity\ERP_Project.Entity.csproj", "{A5F88931-E9A9-4DD7-9393-5021FC3AEA4D}"
EndProject
Project("{9A19103F-16F7-4668-BE54-9A1E7A4F7556}") = "ERP_Project.DataAccess", "ERP_Project.DataAccess\ERP_Project.DataAccess.csproj", "{72FB277F-1168-49A5-A28B-CA9B2466AEF5}"
EndProject
Project("{FAE04EC0-301F-11D3-BF4B-00C04F79EFBC}") = "ERP_Project.Business", "ERP_Project.Business\ERP_Project.Business.csproj", "{9FF8CA28-BEF4-4CBE-B563-521EBEDF8B85}"
EndProject
Project("{FAE04EC0-301F-11D3-BF4B-00C04F79EFBC}") = "ERP_Project.Model", "ERP_Project.Model\ERP_Project.Model.csproj", "{58B430EC-0FAE-48BB-B5B3-59F3E2B9087F}"
EndProject
Global
	GlobalSection(SolutionConfigurationPlatforms) = preSolution
		Debug|Any CPU = Debug|Any CPU
		Release|Any CPU = Release|Any CPU
	EndGlobalSection
	GlobalSection(ProjectConfigurationPlatforms) = postSolution
		{A5F88931-E9A9-4DD7-9393-5021FC3AEA4D}.Debug|Any CPU.ActiveCfg = Debug|Any CPU
		{A5F88931-E9A9-4DD7-9393-5021FC3AEA4D}.Debug|Any CPU.Build.0 = Debug|Any CPU
		{A5F88931-E9A9-4DD7-9393-5021FC3AEA4D}.Release|Any CPU.ActiveCfg = Release|Any CPU
		{A5F88931-E9A9-4DD7-9393-5021FC3AEA4D}.Release|Any CPU.Build.0 = Release|Any CPU
		{72FB277F-1168-49A5-A28B-CA9B2466AEF5}.Debug|Any CPU.ActiveCfg = Debug|Any CPU
		{72FB277F-1168-49A5-A28B-CA9B2466AEF5}.Debug|Any CPU.Build.0 = Debug|Any CPU
		{72FB277F-1168-49A5-A28B-CA9B2466AEF5}.Release|Any CPU.ActiveCfg = Release|Any CPU
		{72FB277F-1168-49A5-A28B-CA9B2466AEF5}.Release|Any CPU.Build.0 = Release|Any CPU
		{9FF8CA28-BEF4-4CBE-B563-521EBEDF8B85}.Debug|Any CPU.ActiveCfg = Debug|Any CPU
		{9FF8CA28-BEF4-4CBE-B563-521EBEDF8B85}.Debug|Any CPU.Build.0 = Debug|Any CPU
		{9FF8CA28-BEF4-4CBE-B563-521EBEDF8B85}.Release|Any CPU.ActiveCfg = Release|Any CPU
		{9FF8CA28-BEF4-4CBE-B563-521EBEDF8B85}.Release|Any CPU.Build.0 = Release|Any CPU
		{58B430EC-0FAE-48BB-B5B3-59F3E2B9087F}.Debug|Any CPU.ActiveCfg = Debug|Any CPU
		{58B430EC-0FAE-48BB-B5B3-59F3E2B9087F}.Debug|Any CPU.Build.0 = Debug|Any CPU
		{58B430EC-0FAE-48BB-B5B3-59F3E2B9087F}.Release|Any CPU.ActiveCfg = Release|Any CPU
		{58B430EC-0FAE-48BB-B5B3-59F3E2B9087F}.Release|Any CPU.Build.0 = Release|Any CPU
	EndGlobalSection
	GlobalSection(SolutionProperties) = preSolution
		HideSolutionNode = FALSE
	EndGlobalSection
	GlobalSection(ExtensibilityGlobals) = postSolution
		SolutionGuid = {E9AE728A-B25B-4FB8-8299-9529B82607A3}
	EndGlobalSection
EndGlobal
